
Microsoft Visual Studio Solution File, Format Version 12.00
# Visual Studio Version 17
VisualStudioVersion = 17.2.32519.379
MinimumVisualStudioVersion = 10.0.40219.1
Project("{FAE04EC0-301F-11D3-BF4B-00C04F79EFBC}") = "APISistemaVeterinario", "APISistemaVeterinario.csproj", "{B1F6FD79-0AD2-4718-8E63-BA63B47EE48F}"
EndProject
Global
	GlobalSection(SolutionConfigurationPlatforms) = preSolution
		Debug|Any CPU = Debug|Any CPU
		Release|Any CPU = Release|Any CPU
	EndGlobalSection
	GlobalSection(ProjectConfigurationPlatforms) = postSolution
		{B1F6FD79-0AD2-4718-8E63-BA63B47EE48F}.Debug|Any CPU.ActiveCfg = Debug|Any CPU
		{B1F6FD79-0AD2-4718-8E63-BA63B47EE48F}.Debug|Any CPU.Build.0 = Debug|Any CPU
		{B1F6FD79-0AD2-4718-8E63-BA63B47EE48F}.Release|Any CPU.ActiveCfg = Release|Any CPU
		{B1F6FD79-0AD2-4718-8E63-BA63B47EE48F}.Release|Any CPU.Build.0 = Release|Any CPU
	EndGlobalSection
	GlobalSection(SolutionProperties) = preSolution
		HideSolutionNode = FALSE
	EndGlobalSection
	GlobalSection(ExtensibilityGlobals) = postSolution
		SolutionGuid = {C37B7374-BA97-4636-988F-7F5B75293E70}
	EndGlobalSection
EndGlobal
